
Microsoft Visual Studio Solution File, Format Version 12.00
# Visual Studio Version 17
VisualStudioVersion = 17.0.31903.59
MinimumVisualStudioVersion = 10.0.40219.1
Project("{2150E333-8FDC-42A3-9474-1A3956D46DE8}") = "src", "src", "{F68EB684-79B1-4EE4-8A05-231B9A9C32D4}"
EndProject
Project("{FAE04EC0-301F-11D3-BF4B-00C04F79EFBC}") = "GestionnairePhotosConsole", "src\GestionnairePhotosConsole\GestionnairePhotosConsole.csproj", "{594468CF-35A9-4EE5-9BD8-B5349499C8B9}"
EndProject
Project("{FAE04EC0-301F-11D3-BF4B-00C04F79EFBC}") = "GestionnairePhotosTests", "src\GestionnairePhotosTests\GestionnairePhotosTests.csproj", "{F375E637-D5F9-4F73-85A3-736646BB8A95}"
EndProject
Global
	GlobalSection(SolutionConfigurationPlatforms) = preSolution
		Debug|Any CPU = Debug|Any CPU
		Release|Any CPU = Release|Any CPU
	EndGlobalSection
	GlobalSection(SolutionProperties) = preSolution
		HideSolutionNode = FALSE
	EndGlobalSection
	GlobalSection(ProjectConfigurationPlatforms) = postSolution
		{594468CF-35A9-4EE5-9BD8-B5349499C8B9}.Debug|Any CPU.ActiveCfg = Debug|Any CPU
		{594468CF-35A9-4EE5-9BD8-B5349499C8B9}.Debug|Any CPU.Build.0 = Debug|Any CPU
		{594468CF-35A9-4EE5-9BD8-B5349499C8B9}.Release|Any CPU.ActiveCfg = Release|Any CPU
		{594468CF-35A9-4EE5-9BD8-B5349499C8B9}.Release|Any CPU.Build.0 = Release|Any CPU
		{F375E637-D5F9-4F73-85A3-736646BB8A95}.Debug|Any CPU.ActiveCfg = Debug|Any CPU
		{F375E637-D5F9-4F73-85A3-736646BB8A95}.Debug|Any CPU.Build.0 = Debug|Any CPU
		{F375E637-D5F9-4F73-85A3-736646BB8A95}.Release|Any CPU.ActiveCfg = Release|Any CPU
		{F375E637-D5F9-4F73-85A3-736646BB8A95}.Release|Any CPU.Build.0 = Release|Any CPU
	EndGlobalSection
	GlobalSection(NestedProjects) = preSolution
		{594468CF-35A9-4EE5-9BD8-B5349499C8B9} = {F68EB684-79B1-4EE4-8A05-231B9A9C32D4}
		{F375E637-D5F9-4F73-85A3-736646BB8A95} = {F68EB684-79B1-4EE4-8A05-231B9A9C32D4}
	EndGlobalSection
EndGlobal
